Microsoft Visual Studio Solution File, Format Version 12.00
# Visual Studio Version 17
VisualStudioVersion = 17.5.2.0
MinimumVisualStudioVersion = 10.0.40219.1
Project("{2150E333-8FDC-42A3-9474-1A3956D46DE8}") = "docs", "docs", "{208BA388-4CEE-2CBF-559C-5607C099C1F8}"
EndProject
Project("{2150E333-8FDC-42A3-9474-1A3956D46DE8}") = "wasm", "wasm", "{C3220DF4-B12C-FC86-133B-5226F763F5BB}"
EndProject
Project("{FAE04EC0-301F-11D3-BF4B-00C04F79EFBC}") = "CSharpWasmRunner", "docs\wasm\csharp\CSharpWasmRunner.csproj", "{AA31C21F-96E2-6CB9-3BF3-9AB3BF0935C3}"
EndProject
Global
	GlobalSection(SolutionConfigurationPlatforms) = preSolution
		Debug|Any CPU = Debug|Any CPU
		Release|Any CPU = Release|Any CPU
	EndGlobalSection
	GlobalSection(ProjectConfigurationPlatforms) = postSolution
		{AA31C21F-96E2-6CB9-3BF3-9AB3BF0935C3}.Debug|Any CPU.ActiveCfg = Debug|Any CPU
		{AA31C21F-96E2-6CB9-3BF3-9AB3BF0935C3}.Debug|Any CPU.Build.0 = Debug|Any CPU
		{AA31C21F-96E2-6CB9-3BF3-9AB3BF0935C3}.Release|Any CPU.ActiveCfg = Release|Any CPU
		{AA31C21F-96E2-6CB9-3BF3-9AB3BF0935C3}.Release|Any CPU.Build.0 = Release|Any CPU
	EndGlobalSection
	GlobalSection(SolutionProperties) = preSolution
		HideSolutionNode = FALSE
	EndGlobalSection
	GlobalSection(NestedProjects) = preSolution
		{C3220DF4-B12C-FC86-133B-5226F763F5BB} = {208BA388-4CEE-2CBF-559C-5607C099C1F8}
		{AA31C21F-96E2-6CB9-3BF3-9AB3BF0935C3} = {C3220DF4-B12C-FC86-133B-5226F763F5BB}
	EndGlobalSection
	GlobalSection(ExtensibilityGlobals) = postSolution
		SolutionGuid = {94EB88AA-F5A4-4716-8F0D-59764E7A0F05}
	EndGlobalSection
EndGlobal
